
Microsoft Visual Studio Solution File, Format Version 12.00
# Visual Studio Version 17
VisualStudioVersion = 17.2.32630.192
MinimumVisualStudioVersion = 10.0.40219.1
Project("{2150E333-8FDC-42A3-9474-1A3956D46DE8}") = "POO", "POO", "{E5207FCB-DE88-41E0-84D1-1E9805E2B12C}"
EndProject
Project("{FAE04EC0-301F-11D3-BF4B-00C04F79EFBC}") = "Objetos", "POO\Objetos.csproj", "{93D213A4-4EAD-4004-AE17-FDEE552D5AA8}"
EndProject
Project("{2150E333-8FDC-42A3-9474-1A3956D46DE8}") = "Patrones", "Patrones", "{D553135C-0AF6-4314-83E6-FDF7B617D0B6}"
EndProject
Project("{2150E333-8FDC-42A3-9474-1A3956D46DE8}") = "Comportamiento", "Comportamiento", "{8AB7835D-991E-4069-A367-D1B35BCD9688}"
EndProject
Project("{FAE04EC0-301F-11D3-BF4B-00C04F79EFBC}") = "Memento", "Patrones\Memento\Memento.csproj", "{850CE3DC-4E5E-4223-95E4-0A537BC27769}"
EndProject
Project("{FAE04EC0-301F-11D3-BF4B-00C04F79EFBC}") = "State", "Patrones\State\State.csproj", "{C2D716C2-ED24-47DF-B5F9-8239630D817F}"
EndProject
Project("{FAE04EC0-301F-11D3-BF4B-00C04F79EFBC}") = "Iterator", "Patrones\Iterator\Iterator.csproj", "{F656C1A4-DDCD-4DAE-8014-275F24F8A9F0}"
EndProject
Project("{FAE04EC0-301F-11D3-BF4B-00C04F79EFBC}") = "Strategy", "Strategy\Strategy.csproj", "{24015715-C9E8-434F-942B-2902685C9521}"
EndProject
Project("{FAE04EC0-301F-11D3-BF4B-00C04F79EFBC}") = "Template", "Template\Template.csproj", "{ADB07D51-3023-4E25-8DEA-E90F1FE63172}"
EndProject
Project("{FAE04EC0-301F-11D3-BF4B-00C04F79EFBC}") = "Command", "Command\Command.csproj", "{37B3E715-BE76-4077-9E29-35C79BF7BB24}"
EndProject
Project("{FAE04EC0-301F-11D3-BF4B-00C04F79EFBC}") = "Observer", "Observer\Observer.csproj", "{4AB6A325-C2DB-4FFE-A609-006420E910F9}"
EndProject
Project("{FAE04EC0-301F-11D3-BF4B-00C04F79EFBC}") = "Mediator", "Mediator\Mediator.csproj", "{BE9B9F38-DF58-4337-BEED-27A5F323531F}"
EndProject
Project("{FAE04EC0-301F-11D3-BF4B-00C04F79EFBC}") = "CadenaDeResponsabilidades", "CadenaDeResponsabilidades\CadenaDeResponsabilidades.csproj", "{D5112DFD-806D-4BFB-8C87-97D86AF066FA}"
EndProject
Project("{FAE04EC0-301F-11D3-BF4B-00C04F79EFBC}") = "Visitor", "Visitor\Visitor.csproj", "{CA25E030-D91D-40A2-AF49-D089B23F7363}"
EndProject
Project("{2150E333-8FDC-42A3-9474-1A3956D46DE8}") = "Estructural", "Estructural", "{8C2486E1-A28C-4F02-A84A-6EA1F19D19DA}"
EndProject
Project("{FAE04EC0-301F-11D3-BF4B-00C04F79EFBC}") = "Composite", "Composite\Composite.csproj", "{930168D6-DF89-4DE7-B28E-A45B1644FACD}"
EndProject
Project("{FAE04EC0-301F-11D3-BF4B-00C04F79EFBC}") = "Adapter", "Adapter\Adapter.csproj", "{C4780360-DC5D-4068-924C-8870808959C9}"
EndProject
Project("{FAE04EC0-301F-11D3-BF4B-00C04F79EFBC}") = "Decorator", "Decorator\Decorator.csproj", "{4062871A-0A65-470D-BF7E-8B6334FA15EF}"
EndProject
Project("{FAE04EC0-301F-11D3-BF4B-00C04F79EFBC}") = "Facade", "Facade\Facade.csproj", "{A1F66191-CA4B-4EF8-9551-808BDF54C97F}"
EndProject
Project("{FAE04EC0-301F-11D3-BF4B-00C04F79EFBC}") = "Flyweight", "Flyweight\Flyweight.csproj", "{138A503D-A3A7-4C78-B2AF-FB5BDF5F1442}"
EndProject
Global
	GlobalSection(SolutionConfigurationPlatforms) = preSolution
		Debug|Any CPU = Debug|Any CPU
		Release|Any CPU = Release|Any CPU
	EndGlobalSection
	GlobalSection(ProjectConfigurationPlatforms) = postSolution
		{93D213A4-4EAD-4004-AE17-FDEE552D5AA8}.Debug|Any CPU.ActiveCfg = Debug|Any CPU
		{93D213A4-4EAD-4004-AE17-FDEE552D5AA8}.Debug|Any CPU.Build.0 = Debug|Any CPU
		{93D213A4-4EAD-4004-AE17-FDEE552D5AA8}.Release|Any CPU.ActiveCfg = Release|Any CPU
		{93D213A4-4EAD-4004-AE17-FDEE552D5AA8}.Release|Any CPU.Build.0 = Release|Any CPU
		{850CE3DC-4E5E-4223-95E4-0A537BC27769}.Debug|Any CPU.ActiveCfg = Debug|Any CPU
		{850CE3DC-4E5E-4223-95E4-0A537BC27769}.Debug|Any CPU.Build.0 = Debug|Any CPU
		{850CE3DC-4E5E-4223-95E4-0A537BC27769}.Release|Any CPU.ActiveCfg = Release|Any CPU
		{850CE3DC-4E5E-4223-95E4-0A537BC27769}.Release|Any CPU.Build.0 = Release|Any CPU
		{C2D716C2-ED24-47DF-B5F9-8239630D817F}.Debug|Any CPU.ActiveCfg = Debug|Any CPU
		{C2D716C2-ED24-47DF-B5F9-8239630D817F}.Debug|Any CPU.Build.0 = Debug|Any CPU
		{C2D716C2-ED24-47DF-B5F9-8239630D817F}.Release|Any CPU.ActiveCfg = Release|Any CPU
		{C2D716C2-ED24-47DF-B5F9-8239630D817F}.Release|Any CPU.Build.0 = Release|Any CPU
		{F656C1A4-DDCD-4DAE-8014-275F24F8A9F0}.Debug|Any CPU.ActiveCfg = Debug|Any CPU
		{F656C1A4-DDCD-4DAE-8014-275F24F8A9F0}.Debug|Any CPU.Build.0 = Debug|Any CPU
		{F656C1A4-DDCD-4DAE-8014-275F24F8A9F0}.Release|Any CPU.ActiveCfg = Release|Any CPU
		{F656C1A4-DDCD-4DAE-8014-275F24F8A9F0}.Release|Any CPU.Build.0 = Release|Any CPU
		{24015715-C9E8-434F-942B-2902685C9521}.Debug|Any CPU.ActiveCfg = Debug|Any CPU
		{24015715-C9E8-434F-942B-2902685C9521}.Debug|Any CPU.Build.0 = Debug|Any CPU
		{24015715-C9E8-434F-942B-2902685C9521}.Release|Any CPU.ActiveCfg = Release|Any CPU
		{24015715-C9E8-434F-942B-2902685C9521}.Release|Any CPU.Build.0 = Release|Any CPU
		{ADB07D51-3023-4E25-8DEA-E90F1FE63172}.Debug|Any CPU.ActiveCfg = Debug|Any CPU
		{ADB07D51-3023-4E25-8DEA-E90F1FE63172}.Debug|Any CPU.Build.0 = Debug|Any CPU
		{ADB07D51-3023-4E25-8DEA-E90F1FE63172}.Release|Any CPU.ActiveCfg = Release|Any CPU
		{ADB07D51-3023-4E25-8DEA-E90F1FE63172}.Release|Any CPU.Build.0 = Release|Any CPU
		{37B3E715-BE76-4077-9E29-35C79BF7BB24}.Debug|Any CPU.ActiveCfg = Debug|Any CPU
		{37B3E715-BE76-4077-9E29-35C79BF7BB24}.Debug|Any CPU.Build.0 = Debug|Any CPU
		{37B3E715-BE76-4077-9E29-35C79BF7BB24}.Release|Any CPU.ActiveCfg = Release|Any CPU
		{37B3E715-BE76-4077-9E29-35C79BF7BB24}.Release|Any CPU.Build.0 = Release|Any CPU
		{4AB6A325-C2DB-4FFE-A609-006420E910F9}.Debug|Any CPU.ActiveCfg = Debug|Any CPU
		{4AB6A325-C2DB-4FFE-A609-006420E910F9}.Debug|Any CPU.Build.0 = Debug|Any CPU
		{4AB6A325-C2DB-4FFE-A609-006420E910F9}.Release|Any CPU.ActiveCfg = Release|Any CPU
		{4AB6A325-C2DB-4FFE-A609-006420E910F9}.Release|Any CPU.Build.0 = Release|Any CPU
		{BE9B9F38-DF58-4337-BEED-27A5F323531F}.Debug|Any CPU.ActiveCfg = Debug|Any CPU
		{BE9B9F38-DF58-4337-BEED-27A5F323531F}.Debug|Any CPU.Build.0 = Debug|Any CPU
		{BE9B9F38-DF58-4337-BEED-27A5F323531F}.Release|Any CPU.ActiveCfg = Release|Any CPU
		{BE9B9F38-DF58-4337-BEED-27A5F323531F}.Release|Any CPU.Build.0 = Release|Any CPU
		{D5112DFD-806D-4BFB-8C87-97D86AF066FA}.Debug|Any CPU.ActiveCfg = Debug|Any CPU
		{D5112DFD-806D-4BFB-8C87-97D86AF066FA}.Debug|Any CPU.Build.0 = Debug|Any CPU
		{D5112DFD-806D-4BFB-8C87-97D86AF066FA}.Release|Any CPU.ActiveCfg = Release|Any CPU
		{D5112DFD-806D-4BFB-8C87-97D86AF066FA}.Release|Any CPU.Build.0 = Release|Any CPU
		{CA25E030-D91D-40A2-AF49-D089B23F7363}.Debug|Any CPU.ActiveCfg = Debug|Any CPU
		{CA25E030-D91D-40A2-AF49-D089B23F7363}.Debug|Any CPU.Build.0 = Debug|Any CPU
		{CA25E030-D91D-40A2-AF49-D089B23F7363}.Release|Any CPU.ActiveCfg = Release|Any CPU
		{CA25E030-D91D-40A2-AF49-D089B23F7363}.Release|Any CPU.Build.0 = Release|Any CPU
		{930168D6-DF89-4DE7-B28E-A45B1644FACD}.Debug|Any CPU.ActiveCfg = Debug|Any CPU
		{930168D6-DF89-4DE7-B28E-A45B1644FACD}.Debug|Any CPU.Build.0 = Debug|Any CPU
		{930168D6-DF89-4DE7-B28E-A45B1644FACD}.Release|Any CPU.ActiveCfg = Release|Any CPU
		{930168D6-DF89-4DE7-B28E-A45B1644FACD}.Release|Any CPU.Build.0 = Release|Any CPU
		{C4780360-DC5D-4068-924C-8870808959C9}.Debug|Any CPU.ActiveCfg = Debug|Any CPU
		{C4780360-DC5D-4068-924C-8870808959C9}.Debug|Any CPU.Build.0 = Debug|Any CPU
		{C4780360-DC5D-4068-924C-8870808959C9}.Release|Any CPU.ActiveCfg = Release|Any CPU
		{C4780360-DC5D-4068-924C-8870808959C9}.Release|Any CPU.Build.0 = Release|Any CPU
		{4062871A-0A65-470D-BF7E-8B6334FA15EF}.Debug|Any CPU.ActiveCfg = Debug|Any CPU
		{4062871A-0A65-470D-BF7E-8B6334FA15EF}.Debug|Any CPU.Build.0 = Debug|Any CPU
		{4062871A-0A65-470D-BF7E-8B6334FA15EF}.Release|Any CPU.ActiveCfg = Release|Any CPU
		{4062871A-0A65-470D-BF7E-8B6334FA15EF}.Release|Any CPU.Build.0 = Release|Any CPU
		{A1F66191-CA4B-4EF8-9551-808BDF54C97F}.Debug|Any CPU.ActiveCfg = Debug|Any CPU
		{A1F66191-CA4B-4EF8-9551-808BDF54C97F}.Debug|Any CPU.Build.0 = Debug|Any CPU
		{A1F66191-CA4B-4EF8-9551-808BDF54C97F}.Release|Any CPU.ActiveCfg = Release|Any CPU
		{A1F66191-CA4B-4EF8-9551-808BDF54C97F}.Release|Any CPU.Build.0 = Release|Any CPU
		{138A503D-A3A7-4C78-B2AF-FB5BDF5F1442}.Debug|Any CPU.ActiveCfg = Debug|Any CPU
		{138A503D-A3A7-4C78-B2AF-FB5BDF5F1442}.Debug|Any CPU.Build.0 = Debug|Any CPU
		{138A503D-A3A7-4C78-B2AF-FB5BDF5F1442}.Release|Any CPU.ActiveCfg = Release|Any CPU
		{138A503D-A3A7-4C78-B2AF-FB5BDF5F1442}.Release|Any CPU.Build.0 = Release|Any CPU
	EndGlobalSection
	GlobalSection(SolutionProperties) = preSolution
		HideSolutionNode = FALSE
	EndGlobalSection
	GlobalSection(NestedProjects) = preSolution
		{93D213A4-4EAD-4004-AE17-FDEE552D5AA8} = {E5207FCB-DE88-41E0-84D1-1E9805E2B12C}
		{8AB7835D-991E-4069-A367-D1B35BCD9688} = {D553135C-0AF6-4314-83E6-FDF7B617D0B6}
		{850CE3DC-4E5E-4223-95E4-0A537BC27769} = {8AB7835D-991E-4069-A367-D1B35BCD9688}
		{C2D716C2-ED24-47DF-B5F9-8239630D817F} = {8AB7835D-991E-4069-A367-D1B35BCD9688}
		{F656C1A4-DDCD-4DAE-8014-275F24F8A9F0} = {8AB7835D-991E-4069-A367-D1B35BCD9688}
		{24015715-C9E8-434F-942B-2902685C9521} = {8AB7835D-991E-4069-A367-D1B35BCD9688}
		{ADB07D51-3023-4E25-8DEA-E90F1FE63172} = {8AB7835D-991E-4069-A367-D1B35BCD9688}
		{37B3E715-BE76-4077-9E29-35C79BF7BB24} = {8AB7835D-991E-4069-A367-D1B35BCD9688}
		{4AB6A325-C2DB-4FFE-A609-006420E910F9} = {8AB7835D-991E-4069-A367-D1B35BCD9688}
		{BE9B9F38-DF58-4337-BEED-27A5F323531F} = {8AB7835D-991E-4069-A367-D1B35BCD9688}
		{D5112DFD-806D-4BFB-8C87-97D86AF066FA} = {8AB7835D-991E-4069-A367-D1B35BCD9688}
		{CA25E030-D91D-40A2-AF49-D089B23F7363} = {8AB7835D-991E-4069-A367-D1B35BCD9688}
		{8C2486E1-A28C-4F02-A84A-6EA1F19D19DA} = {D553135C-0AF6-4314-83E6-FDF7B617D0B6}
		{930168D6-DF89-4DE7-B28E-A45B1644FACD} = {8C2486E1-A28C-4F02-A84A-6EA1F19D19DA}
		{C4780360-DC5D-4068-924C-8870808959C9} = {8C2486E1-A28C-4F02-A84A-6EA1F19D19DA}
		{4062871A-0A65-470D-BF7E-8B6334FA15EF} = {8C2486E1-A28C-4F02-A84A-6EA1F19D19DA}
		{A1F66191-CA4B-4EF8-9551-808BDF54C97F} = {8C2486E1-A28C-4F02-A84A-6EA1F19D19DA}
	EndGlobalSection
	GlobalSection(ExtensibilityGlobals) = postSolution
		SolutionGuid = {3B3B4B7B-A086-4992-A94D-96E171F0A8C6}
	EndGlobalSection
EndGlobal
